
Microsoft Visual Studio Solution File, Format Version 12.00
# Visual Studio Version 17
VisualStudioVersion = 17.0.31903.59
MinimumVisualStudioVersion = 10.0.40219.1
Project("{9A19103F-16F7-4668-BE54-9A1E7A4F7556}") = "CheeseTypeAPI", "CheeseTypeAPI.csproj", "{63C27FF5-4624-4E17-9712-53C806CC39A7}"
EndProject
Global
	GlobalSection(SolutionConfigurationPlatforms) = preSolution
		Debug|Any CPU = Debug|Any CPU
		Release|Any CPU = Release|Any CPU
	EndGlobalSection
	GlobalSection(ProjectConfigurationPlatforms) = postSolution
		{63C27FF5-4624-4E17-9712-53C806CC39A7}.Debug|Any CPU.ActiveCfg = Debug|Any CPU
		{63C27FF5-4624-4E17-9712-53C806CC39A7}.Debug|Any CPU.Build.0 = Debug|Any CPU
		{63C27FF5-4624-4E17-9712-53C806CC39A7}.Release|Any CPU.ActiveCfg = Release|Any CPU
		{63C27FF5-4624-4E17-9712-53C806CC39A7}.Release|Any CPU.Build.0 = Release|Any CPU
	EndGlobalSection
	GlobalSection(SolutionProperties) = preSolution
		HideSolutionNode = FALSE
	EndGlobalSection
	GlobalSection(ExtensibilityGlobals) = postSolution
		SolutionGuid = {459BEE5C-FFB6-432E-B45F-CD790F6AA089}
	EndGlobalSection
EndGlobal
